
Microsoft Visual Studio Solution File, Format Version 12.00
# Visual Studio Version 16
VisualStudioVersion = 16.0.30011.22
MinimumVisualStudioVersion = 10.0.40219.1
Project("{FAE04EC0-301F-11D3-BF4B-00C04F79EFBC}") = "AoC2022", "AoC2022\AoC2022.csproj", "{642597CB-ED36-4F25-9BC4-FBF22233E972}"
EndProject
Global
	GlobalSection(SolutionConfigurationPlatforms) = preSolution
		Debug|Any CPU = Debug|Any CPU
		Release|Any CPU = Release|Any CPU
	EndGlobalSection
	GlobalSection(ProjectConfigurationPlatforms) = postSolution
		{642597CB-ED36-4F25-9BC4-FBF22233E972}.Debug|Any CPU.ActiveCfg = Debug|Any CPU
		{642597CB-ED36-4F25-9BC4-FBF22233E972}.Debug|Any CPU.Build.0 = Debug|Any CPU
		{642597CB-ED36-4F25-9BC4-FBF22233E972}.Release|Any CPU.ActiveCfg = Release|Any CPU
		{642597CB-ED36-4F25-9BC4-FBF22233E972}.Release|Any CPU.Build.0 = Release|Any CPU
	EndGlobalSection
	GlobalSection(SolutionProperties) = preSolution
		HideSolutionNode = FALSE
	EndGlobalSection
	GlobalSection(ExtensibilityGlobals) = postSolution
		SolutionGuid = {0559F622-AEC2-4DAC-9025-4E54E73D2964}
	EndGlobalSection
EndGlobal
